{
  "name": "visi",
  "version": "1.0.0",
  "lockfileVersion": 1,
  "requires": true,
  "dependencies": {
    "gojs": {
      "version": "1.8.0",
      "resolved": "https://registry.npmjs.org/gojs/-/gojs-1.8.0.tgz",
      "integrity": "sha512-aFo2U7e+3zupK4YJ2sNPSuyXqFnP1Z0YZr8wHFSlA9o0xWDnkRG83LNmYu0m2fkas1hRvpD5SBTa7fEfPpOfqA=="
    }
  }
}
